
Microsoft Visual Studio Solution File, Format Version 12.00
# Visual Studio Version 16
VisualStudioVersion = 16.0.29806.167
MinimumVisualStudioVersion = 10.0.40219.1
Project("{FAE04EC0-301F-11D3-BF4B-00C04F79EFBC}") = "YZCLASS.UI", "YZCLASS.UI\YZCLASS.UI.csproj", "{03DB2A91-7975-4B53-BB67-88E3BEDC7E2E}"
EndProject
Project("{FAE04EC0-301F-11D3-BF4B-00C04F79EFBC}") = "YZCLASS.DBService", "YZCLASS.DBService\YZCLASS.DBService.csproj", "{24F52368-6329-4202-9CD5-858354CAECCB}"
EndProject
Project("{FAE04EC0-301F-11D3-BF4B-00C04F79EFBC}") = "IM.UI", "IM.UI\IM.UI.csproj", "{2FCC9962-1B4B-4F8F-AA76-40D3A6E41713}"
EndProject
Global
	GlobalSection(SolutionConfigurationPlatforms) = preSolution
		Debug|Any CPU = Debug|Any CPU
		Debug|x64 = Debug|x64
		Debug|x86 = Debug|x86
		Release|Any CPU = Release|Any CPU
		Release|x64 = Release|x64
		Release|x86 = Release|x86
	EndGlobalSection
	GlobalSection(ProjectConfigurationPlatforms) = postSolution
		{03DB2A91-7975-4B53-BB67-88E3BEDC7E2E}.Debug|Any CPU.ActiveCfg = Debug|Any CPU
		{03DB2A91-7975-4B53-BB67-88E3BEDC7E2E}.Debug|Any CPU.Build.0 = Debug|Any CPU
		{03DB2A91-7975-4B53-BB67-88E3BEDC7E2E}.Debug|Any CPU.Deploy.0 = Debug|Any CPU
		{03DB2A91-7975-4B53-BB67-88E3BEDC7E2E}.Debug|x64.ActiveCfg = Debug|x64
		{03DB2A91-7975-4B53-BB67-88E3BEDC7E2E}.Debug|x64.Build.0 = Debug|x64
		{03DB2A91-7975-4B53-BB67-88E3BEDC7E2E}.Debug|x86.ActiveCfg = Debug|x64
		{03DB2A91-7975-4B53-BB67-88E3BEDC7E2E}.Debug|x86.Build.0 = Debug|x64
		{03DB2A91-7975-4B53-BB67-88E3BEDC7E2E}.Release|Any CPU.ActiveCfg = Release|Any CPU
		{03DB2A91-7975-4B53-BB67-88E3BEDC7E2E}.Release|Any CPU.Build.0 = Release|Any CPU
		{03DB2A91-7975-4B53-BB67-88E3BEDC7E2E}.Release|x64.ActiveCfg = Release|Any CPU
		{03DB2A91-7975-4B53-BB67-88E3BEDC7E2E}.Release|x64.Build.0 = Release|Any CPU
		{03DB2A91-7975-4B53-BB67-88E3BEDC7E2E}.Release|x86.ActiveCfg = Release|Any CPU
		{03DB2A91-7975-4B53-BB67-88E3BEDC7E2E}.Release|x86.Build.0 = Release|Any CPU
		{24F52368-6329-4202-9CD5-858354CAECCB}.Debug|Any CPU.ActiveCfg = Debug|Any CPU
		{24F52368-6329-4202-9CD5-858354CAECCB}.Debug|Any CPU.Build.0 = Debug|Any CPU
		{24F52368-6329-4202-9CD5-858354CAECCB}.Debug|x64.ActiveCfg = Debug|x64
		{24F52368-6329-4202-9CD5-858354CAECCB}.Debug|x64.Build.0 = Debug|x64
		{24F52368-6329-4202-9CD5-858354CAECCB}.Debug|x86.ActiveCfg = Debug|Any CPU
		{24F52368-6329-4202-9CD5-858354CAECCB}.Debug|x86.Build.0 = Debug|Any CPU
		{24F52368-6329-4202-9CD5-858354CAECCB}.Release|Any CPU.ActiveCfg = Release|Any CPU
		{24F52368-6329-4202-9CD5-858354CAECCB}.Release|Any CPU.Build.0 = Release|Any CPU
		{24F52368-6329-4202-9CD5-858354CAECCB}.Release|x64.ActiveCfg = Release|Any CPU
		{24F52368-6329-4202-9CD5-858354CAECCB}.Release|x64.Build.0 = Release|Any CPU
		{24F52368-6329-4202-9CD5-858354CAECCB}.Release|x86.ActiveCfg = Release|Any CPU
		{24F52368-6329-4202-9CD5-858354CAECCB}.Release|x86.Build.0 = Release|Any CPU
		{2FCC9962-1B4B-4F8F-AA76-40D3A6E41713}.Debug|Any CPU.ActiveCfg = Debug|Any CPU
		{2FCC9962-1B4B-4F8F-AA76-40D3A6E41713}.Debug|Any CPU.Build.0 = Debug|Any CPU
		{2FCC9962-1B4B-4F8F-AA76-40D3A6E41713}.Debug|x64.ActiveCfg = Debug|x64
		{2FCC9962-1B4B-4F8F-AA76-40D3A6E41713}.Debug|x64.Build.0 = Debug|x64
		{2FCC9962-1B4B-4F8F-AA76-40D3A6E41713}.Debug|x86.ActiveCfg = Debug|Any CPU
		{2FCC9962-1B4B-4F8F-AA76-40D3A6E41713}.Debug|x86.Build.0 = Debug|Any CPU
		{2FCC9962-1B4B-4F8F-AA76-40D3A6E41713}.Release|Any CPU.ActiveCfg = Release|Any CPU
		{2FCC9962-1B4B-4F8F-AA76-40D3A6E41713}.Release|Any CPU.Build.0 = Release|Any CPU
		{2FCC9962-1B4B-4F8F-AA76-40D3A6E41713}.Release|x64.ActiveCfg = Release|Any CPU
		{2FCC9962-1B4B-4F8F-AA76-40D3A6E41713}.Release|x64.Build.0 = Release|Any CPU
		{2FCC9962-1B4B-4F8F-AA76-40D3A6E41713}.Release|x86.ActiveCfg = Release|Any CPU
		{2FCC9962-1B4B-4F8F-AA76-40D3A6E41713}.Release|x86.Build.0 = Release|Any CPU
	EndGlobalSection
	GlobalSection(SolutionProperties) = preSolution
		HideSolutionNode = FALSE
	EndGlobalSection
	GlobalSection(ExtensibilityGlobals) = postSolution
		SolutionGuid = {2211ADD1-22BA-4338-9526-6635BF7D0A3B}
	EndGlobalSection
EndGlobal
